// !$*UTF8*$!
{
	archiveVersion = 1;
	classes = {
	};
	objectVersion = 55;
	objects = {

/* Begin PBXBuildFile section */
		FF4E060F27982231006D51CB /* Tests_iOS.swift in Sources */ = {isa = PBXBuildFile; fileRef = FF4E060E27982231006D51CB /* Tests_iOS.swift */; };
		FF4E061127982231006D51CB /* Tests_iOSLaunchTests.swift in Sources */ = {isa = PBXBuildFile; fileRef = FF4E061027982231006D51CB /* Tests_iOSLaunchTests.swift */; };
		FF4E061B27982231006D51CB /* Tests_macOS.swift in Sources */ = {isa = PBXBuildFile; fileRef = FF4E061A27982231006D51CB /* Tests_macOS.swift */; };
		FF4E061D27982231006D51CB /* Tests_macOSLaunchTests.swift in Sources */ = {isa = PBXBuildFile; fileRef = FF4E061C27982231006D51CB /* Tests_macOSLaunchTests.swift */; };
		FF4E061E27982231006D51CB /* atApp.swift in Sources */ = {isa = PBXBuildFile; fileRef = FF4E05F627982230006D51CB /* atApp.swift */; };
		FF4E061F27982231006D51CB /* atApp.swift in Sources */ = {isa = PBXBuildFile; fileRef = FF4E05F627982230006D51CB /* atApp.swift */; };
		FF4E062027982231006D51CB /* ContentView.swift in Sources */ = {isa = PBXBuildFile; fileRef = FF4E05F727982230006D51CB /* ContentView.swift */; };
		FF4E062127982231006D51CB /* ContentView.swift in Sources */ = {isa = PBXBuildFile; fileRef = FF4E05F727982230006D51CB /* ContentView.swift */; };
		FF4E062227982231006D51CB /* Assets.xcassets in Resources */ = {isa = PBXBuildFile; fileRef = FF4E05F827982231006D51CB /* Assets.xcassets */; };
		FF4E062327982231006D51CB /* Assets.xcassets in Resources */ = {isa = PBXBuildFile; fileRef = FF4E05F827982231006D51CB /* Assets.xcassets */; };
/* End PBXBuildFile section */

/* Begin PBXContainerItemProxy section */
		FF4E060B27982231006D51CB /* PBXContainerItemProxy */ = {
			isa = PBXContainerItemProxy;
			containerPortal = FF4E05F127982230006D51CB /* Project object */;
			proxyType = 1;
			remoteGlobalIDString = FF4E05FC27982231006D51CB;
			remoteInfo = "at (iOS)";
		};
		FF4E061727982231006D51CB /* PBXContainerItemProxy */ = {
			isa = PBXContainerItemProxy;
			containerPortal = FF4E05F127982230006D51CB /* Project object */;
			proxyType = 1;
			remoteGlobalIDString = FF4E060227982231006D51CB;
			remoteInfo = "at (macOS)";
		};
/* End PBXContainerItemProxy section */

/* Begin PBXFileReference section */
		FF4E05F627982230006D51CB /* atApp.swift */ = {isa = PBXFileReference; lastKnownFileType = sourcecode.swift; path = atApp.swift; sourceTree = "<group>"; };
		FF4E05F727982230006D51CB /* ContentView.swift */ = {isa = PBXFileReference; lastKnownFileType = sourcecode.swift; path = ContentView.swift; sourceTree = "<group>"; };
		FF4E05F827982231006D51CB /* Assets.xcassets */ = {isa = PBXFileReference; lastKnownFileType = folder.assetcatalog; path = Assets.xcassets; sourceTree = "<group>"; };
		FF4E05FD27982231006D51CB /* at.app */ = {isa = PBXFileReference; explicitFileType = wrapper.application; includeInIndex = 0; path = at.app; sourceTree = BUILT_PRODUCTS_DIR; };
		FF4E060327982231006D51CB /* at.app */ = {isa = PBXFileReference; explicitFileType = wrapper.application; includeInIndex = 0; path = at.app; sourceTree = BUILT_PRODUCTS_DIR; };
		FF4E060527982231006D51CB /* macOS.entitlements */ = {isa = PBXFileReference; lastKnownFileType = text.plist.entitlements; path = macOS.entitlements; sourceTree = "<group>"; };
		FF4E060A27982231006D51CB /* Tests iOS.xctest */ = {isa = PBXFileReference; explicitFileType = wrapper.cfbundle; includeInIndex = 0; path = "Tests iOS.xctest"; sourceTree = BUILT_PRODUCTS_DIR; };
		FF4E060E27982231006D51CB /* Tests_iOS.swift */ = {isa = PBXFileReference; lastKnownFileType = sourcecode.swift; path = Tests_iOS.swift; sourceTree = "<group>"; };
		FF4E061027982231006D51CB /* Tests_iOSLaunchTests.swift */ = {isa = PBXFileReference; lastKnownFileType = sourcecode.swift; path = Tests_iOSLaunchTests.swift; sourceTree = "<group>"; };
		FF4E061627982231006D51CB /* Tests macOS.xctest */ = {isa = PBXFileReference; explicitFileType = wrapper.cfbundle; includeInIndex = 0; path = "Tests macOS.xctest"; sourceTree = BUILT_PRODUCTS_DIR; };
		FF4E061A27982231006D51CB /* Tests_macOS.swift */ = {isa = PBXFileReference; lastKnownFileType = sourcecode.swift; path = Tests_macOS.swift; sourceTree = "<group>"; };
		FF4E061C27982231006D51CB /* Tests_macOSLaunchTests.swift */ = {isa = PBXFileReference; lastKnownFileType = sourcecode.swift; path = Tests_macOSLaunchTests.swift; sourceTree = "<group>"; };
/* End PBXFileReference section */

/* Begin PBXFrameworksBuildPhase section */
		FF4E05FA27982231006D51CB /* Frameworks */ = {
			isa = PBXFrameworksBuildPhase;
			buildActionMask = 2147483647;
			files = (
			);
			runOnlyForDeploymentPostprocessing = 0;
		};
		FF4E060027982231006D51CB /* Frameworks */ = {
			isa = PBXFrameworksBuildPhase;
			buildActionMask = 2147483647;
			files = (
			);
			runOnlyForDeploymentPostprocessing = 0;
		};
		FF4E060727982231006D51CB /* Frameworks */ = {
			isa = PBXFrameworksBuildPhase;
			buildActionMask = 2147483647;
			files = (
			);
			runOnlyForDeploymentPostprocessing = 0;
		};
		FF4E061327982231006D51CB /* Frameworks */ = {
			isa = PBXFrameworksBuildPhase;
			buildActionMask = 2147483647;
			files = (
			);
			runOnlyForDeploymentPostprocessing = 0;
		};
/* End PBXFrameworksBuildPhase section */

/* Begin PBXGroup section */
		FF4E05F027982230006D51CB = {
			isa = PBXGroup;
			children = (
				FF4E05F527982230006D51CB /* Shared */,
				FF4E060427982231006D51CB /* macOS */,
				FF4E060D27982231006D51CB /* Tests iOS */,
				FF4E061927982231006D51CB /* Tests macOS */,
				FF4E05FE27982231006D51CB /* Products */,
			);
			sourceTree = "<group>";
		};
		FF4E05F527982230006D51CB /* Shared */ = {
			isa = PBXGroup;
			children = (
				FF4E05F627982230006D51CB /* atApp.swift */,
				FF4E05F727982230006D51CB /* ContentView.swift */,
				FF4E05F827982231006D51CB /* Assets.xcassets */,
			);
			path = Shared;
			sourceTree = "<group>";
		};
		FF4E05FE27982231006D51CB /* Products */ = {
			isa = PBXGroup;
			children = (
				FF4E05FD27982231006D51CB /* at.app */,
				FF4E060327982231006D51CB /* at.app */,
				FF4E060A27982231006D51CB /* Tests iOS.xctest */,
				FF4E061627982231006D51CB /* Tests macOS.xctest */,
			);
			name = Products;
			sourceTree = "<group>";
		};
		FF4E060427982231006D51CB /* macOS */ = {
			isa = PBXGroup;
			children = (
				FF4E060527982231006D51CB /* macOS.entitlements */,
			);
			path = macOS;
			sourceTree = "<group>";
		};
		FF4E060D27982231006D51CB /* Tests iOS */ = {
			isa = PBXGroup;
			children = (
				FF4E060E27982231006D51CB /* Tests_iOS.swift */,
				FF4E061027982231006D51CB /* Tests_iOSLaunchTests.swift */,
			);
			path = "Tests iOS";
			sourceTree = "<group>";
		};
		FF4E061927982231006D51CB /* Tests macOS */ = {
			isa = PBXGroup;
			children = (
				FF4E061A27982231006D51CB /* Tests_macOS.swift */,
				FF4E061C27982231006D51CB /* Tests_macOSLaunchTests.swift */,
			);
			path = "Tests macOS";
			sourceTree = "<group>";
		};
/* End PBXGroup section */

/* Begin PBXNativeTarget section */
		FF4E05FC27982231006D51CB /* at (iOS) */ = {
			isa = PBXNativeTarget;
			buildConfigurationList = FF4E062627982231006D51CB /* Build configuration list for PBXNativeTarget "at (iOS)" */;
			buildPhases = (
				FF4E05F927982231006D51CB /* Sources */,
				FF4E05FA27982231006D51CB /* Frameworks */,
				FF4E05FB27982231006D51CB /* Resources */,
			);
			buildRules = (
			);
			dependencies = (
			);
			name = "at (iOS)";
			productName = "at (iOS)";
			productReference = FF4E05FD27982231006D51CB /* at.app */;
			productType = "com.apple.product-type.application";
		};
		FF4E060227982231006D51CB /* at (macOS) */ = {
			isa = PBXNativeTarget;
			buildConfigurationList = FF4E062927982231006D51CB /* Build configuration list for PBXNativeTarget "at (macOS)" */;
			buildPhases = (
				FF4E05FF27982231006D51CB /* Sources */,
				FF4E060027982231006D51CB /* Frameworks */,
				FF4E060127982231006D51CB /* Resources */,
			);
			buildRules = (
			);
			dependencies = (
			);
			name = "at (macOS)";
			productName = "at (macOS)";
			productReference = FF4E060327982231006D51CB /* at.app */;
			productType = "com.apple.product-type.application";
		};
		FF4E060927982231006D51CB /* Tests iOS */ = {
			isa = PBXNativeTarget;
			buildConfigurationList = FF4E062C27982231006D51CB /* Build configuration list for PBXNativeTarget "Tests iOS" */;
			buildPhases = (
				FF4E060627982231006D51CB /* Sources */,
				FF4E060727982231006D51CB /* Frameworks */,
				FF4E060827982231006D51CB /* Resources */,
			);
			buildRules = (
			);
			dependencies = (
				FF4E060C27982231006D51CB /* PBXTargetDependency */,
			);
			name = "Tests iOS";
			productName = "Tests iOS";
			productReference = FF4E060A27982231006D51CB /* Tests iOS.xctest */;
			productType = "com.apple.product-type.bundle.ui-testing";
		};
		FF4E061527982231006D51CB /* Tests macOS */ = {
			isa = PBXNativeTarget;
			buildConfigurationList = FF4E062F27982231006D51CB /* Build configuration list for PBXNativeTarget "Tests macOS" */;
			buildPhases = (
				FF4E061227982231006D51CB /* Sources */,
				FF4E061327982231006D51CB /* Frameworks */,
				FF4E061427982231006D51CB /* Resources */,
			);
			buildRules = (
			);
			dependencies = (
				FF4E061827982231006D51CB /* PBXTargetDependency */,
			);
			name = "Tests macOS";
			productName = "Tests macOS";
			productReference = FF4E061627982231006D51CB /* Tests macOS.xctest */;
			productType = "com.apple.product-type.bundle.ui-testing";
		};
/* End PBXNativeTarget section */

/* Begin PBXProject section */
		FF4E05F127982230006D51CB /* Project object */ = {
			isa = PBXProject;
			attributes = {
				BuildIndependentTargetsInParallel = 1;
				LastSwiftUpdateCheck = 1320;
				LastUpgradeCheck = 1320;
				TargetAttributes = {
					FF4E05FC27982231006D51CB = {
						CreatedOnToolsVersion = 13.2.1;
					};
					FF4E060227982231006D51CB = {
						CreatedOnToolsVersion = 13.2.1;
					};
					FF4E060927982231006D51CB = {
						CreatedOnToolsVersion = 13.2.1;
						TestTargetID = FF4E05FC27982231006D51CB;
					};
					FF4E061527982231006D51CB = {
						CreatedOnToolsVersion = 13.2.1;
						TestTargetID = FF4E060227982231006D51CB;
					};
				};
			};
			buildConfigurationList = FF4E05F427982230006D51CB /* Build configuration list for PBXProject "at" */;
			compatibilityVersion = "Xcode 13.0";
			developmentRegion = en;
			hasScannedForEncodings = 0;
			knownRegions = (
				en,
				Base,
			);
			mainGroup = FF4E05F027982230006D51CB;
			productRefGroup = FF4E05FE27982231006D51CB /* Products */;
			projectDirPath = "";
			projectRoot = "";
			targets = (
				FF4E05FC27982231006D51CB /* at (iOS) */,
				FF4E060227982231006D51CB /* at (macOS) */,
				FF4E060927982231006D51CB /* Tests iOS */,
				FF4E061527982231006D51CB /* Tests macOS */,
			);
		};
/* End PBXProject section */

/* Begin PBXResourcesBuildPhase section */
		FF4E05FB27982231006D51CB /* Resources */ = {
			isa = PBXResourcesBuildPhase;
			buildActionMask = 2147483647;
			files = (
				FF4E062227982231006D51CB /* Assets.xcassets in Resources */,
			);
			runOnlyForDeploymentPostprocessing = 0;
		};
		FF4E060127982231006D51CB /* Resources */ = {
			isa = PBXResourcesBuildPhase;
			buildActionMask = 2147483647;
			files = (
				FF4E062327982231006D51CB /* Assets.xcassets in Resources */,
			);
			runOnlyForDeploymentPostprocessing = 0;
		};
		FF4E060827982231006D51CB /* Resources */ = {
			isa = PBXResourcesBuildPhase;
			buildActionMask = 2147483647;
			files = (
			);
			runOnlyForDeploymentPostprocessing = 0;
		};
		FF4E061427982231006D51CB /* Resources */ = {
			isa = PBXResourcesBuildPhase;
			buildActionMask = 2147483647;
			files = (
			);
			runOnlyForDeploymentPostprocessing = 0;
		};
/* End PBXResourcesBuildPhase section */

/* Begin PBXSourcesBuildPhase section */
		FF4E05F927982231006D51CB /* Sources */ = {
			isa = PBXSourcesBuildPhase;
			buildActionMask = 2147483647;
			files = (
				FF4E062027982231006D51CB /* ContentView.swift in Sources */,
				FF4E061E27982231006D51CB /* atApp.swift in Sources */,
			);
			runOnlyForDeploymentPostprocessing = 0;
		};
		FF4E05FF27982231006D51CB /* Sources */ = {
			isa = PBXSourcesBuildPhase;
			buildActionMask = 2147483647;
			files = (
				FF4E062127982231006D51CB /* ContentView.swift in Sources */,
				FF4E061F27982231006D51CB /* atApp.swift in Sources */,
			);
			runOnlyForDeploymentPostprocessing = 0;
		};
		FF4E060627982231006D51CB /* Sources */ = {
			isa = PBXSourcesBuildPhase;
			buildActionMask = 2147483647;
			files = (
				FF4E061127982231006D51CB /* Tests_iOSLaunchTests.swift in Sources */,
				FF4E060F27982231006D51CB /* Tests_iOS.swift in Sources */,
			);
			runOnlyForDeploymentPostprocessing = 0;
		};
		FF4E061227982231006D51CB /* Sources */ = {
			isa = PBXSourcesBuildPhase;
			buildActionMask = 2147483647;
			files = (
				FF4E061D27982231006D51CB /* Tests_macOSLaunchTests.swift in Sources */,
				FF4E061B27982231006D51CB /* Tests_macOS.swift in Sources */,
			);
			runOnlyForDeploymentPostprocessing = 0;
		};
/* End PBXSourcesBuildPhase section */

/* Begin PBXTargetDependency section */
		FF4E060C27982231006D51CB /* PBXTargetDependency */ = {
			isa = PBXTargetDependency;
			target = FF4E05FC27982231006D51CB /* at (iOS) */;
			targetProxy = FF4E060B27982231006D51CB /* PBXContainerItemProxy */;
		};
		FF4E061827982231006D51CB /* PBXTargetDependency */ = {
			isa = PBXTargetDependency;
			target = FF4E060227982231006D51CB /* at (macOS) */;
			targetProxy = FF4E061727982231006D51CB /* PBXContainerItemProxy */;
		};
/* End PBXTargetDependency section */

/* Begin XCBuildConfiguration section */
		FF4E062427982231006D51CB /* Debug */ = {
			isa = XCBuildConfiguration;
			buildSettings = {
				ALWAYS_SEARCH_USER_PATHS = NO;
				CLANG_ANALYZER_NONNULL = YES;
				CLANG_ANALYZER_NUMBER_OBJECT_CONVERSION = YES_AGGRESSIVE;
				CLANG_CXX_LANGUAGE_STANDARD = "gnu++17";
				CLANG_CXX_LIBRARY = "libc++";
				CLANG_ENABLE_MODULES = YES;
				CLANG_ENABLE_OBJC_ARC = YES;
				CLANG_ENABLE_OBJC_WEAK = YES;
				CLANG_WARN_BLOCK_CAPTURE_AUTORELEASING = YES;
				CLANG_WARN_BOOL_CONVERSION = YES;
				CLANG_WARN_COMMA = YES;
				CLANG_WARN_CONSTANT_CONVERSION = YES;
				CLANG_WARN_DEPRECATED_OBJC_IMPLEMENTATIONS = YES;
				CLANG_WARN_DIRECT_OBJC_ISA_USAGE = YES_ERROR;
				CLANG_WARN_DOCUMENTATION_COMMENTS = YES;
				CLANG_WARN_EMPTY_BODY = YES;
				CLANG_WARN_ENUM_CONVERSION = YES;
				CLANG_WARN_INFINITE_RECURSION = YES;
				CLANG_WARN_INT_CONVERSION = YES;
				CLANG_WARN_NON_LITERAL_NULL_CONVERSION = YES;
				CLANG_WARN_OBJC_IMPLICIT_RETAIN_SELF = YES;
				CLANG_WARN_OBJC_LITERAL_CONVERSION = YES;
				CLANG_WARN_OBJC_ROOT_CLASS = YES_ERROR;
				CLANG_WARN_QUOTED_INCLUDE_IN_FRAMEWORK_HEADER = YES;
				CLANG_WARN_RANGE_LOOP_ANALYSIS = YES;
				CLANG_WARN_STRICT_PROTOTYPES = YES;
				CLANG_WARN_SUSPICIOUS_MOVE = YES;
				CLANG_WARN_UNGUARDED_AVAILABILITY = YES_AGGRESSIVE;
				CLANG_WARN_UNREACHABLE_CODE = YES;
				CLANG_WARN__DUPLICATE_METHOD_MATCH = YES;
				COPY_PHASE_STRIP = NO;
				DEBUG_INFORMATION_FORMAT = dwarf;
				ENABLE_STRICT_OBJC_MSGSEND = YES;
				ENABLE_TESTABILITY = YES;
				GCC_C_LANGUAGE_STANDARD = gnu11;
				GCC_DYNAMIC_NO_PIC = NO;
				GCC_NO_COMMON_BLOCKS = YES;
				GCC_OPTIMIZATION_LEVEL = 0;
				GCC_PREPROCESSOR_DEFINITIONS = (
					"DEBUG=1",
					"$(inherited)",
				);
				GCC_WARN_64_TO_32_BIT_CONVERSION = YES;
				GCC_WARN_ABOUT_RETURN_TYPE = YES_ERROR;
				GCC_WARN_UNDECLARED_SELECTOR = YES;
				GCC_WARN_UNINITIALIZED_AUTOS = YES_AGGRESSIVE;
				GCC_WARN_UNUSED_FUNCTION = YES;
				GCC_WARN_UNUSED_VARIABLE = YES;
				MTL_ENABLE_DEBUG_INFO = INCLUDE_SOURCE;
				MTL_FAST_MATH = YES;
				ONLY_ACTIVE_ARCH = YES;
				SWIFT_ACTIVE_COMPILATION_CONDITIONS = DEBUG;
				SWIFT_OPTIMIZATION_LEVEL = "-Onone";
			};
			name = Debug;
		};
		FF4E062527982231006D51CB /* Release */ = {
			isa = XCBuildConfiguration;
			buildSettings = {
				ALWAYS_SEARCH_USER_PATHS = NO;
				CLANG_ANALYZER_NONNULL = YES;
				CLANG_ANALYZER_NUMBER_OBJECT_CONVERSION = YES_AGGRESSIVE;
				CLANG_CXX_LANGUAGE_STANDARD = "gnu++17";
				CLANG_CXX_LIBRARY = "libc++";
				CLANG_ENABLE_MODULES = YES;
				CLANG_ENABLE_OBJC_ARC = YES;
				CLANG_ENABLE_OBJC_WEAK = YES;
				CLANG_WARN_BLOCK_CAPTURE_AUTORELEASING = YES;
				CLANG_WARN_BOOL_CONVERSION = YES;
				CLANG_WARN_COMMA = YES;
				CLANG_WARN_CONSTANT_CONVERSION = YES;
				CLANG_WARN_DEPRECATED_OBJC_IMPLEMENTATIONS = YES;
				CLANG_WARN_DIRECT_OBJC_ISA_USAGE = YES_ERROR;
				CLANG_WARN_DOCUMENTATION_COMMENTS = YES;
				CLANG_WARN_EMPTY_BODY = YES;
				CLANG_WARN_ENUM_CONVERSION = YES;
				CLANG_WARN_INFINITE_RECURSION = YES;
				CLANG_WARN_INT_CONVERSION = YES;
				CLANG_WARN_NON_LITERAL_NULL_CONVERSION = YES;
				CLANG_WARN_OBJC_IMPLICIT_RETAIN_SELF = YES;
				CLANG_WARN_OBJC_LITERAL_CONVERSION = YES;
				CLANG_WARN_OBJC_ROOT_CLASS = YES_ERROR;
				CLANG_WARN_QUOTED_INCLUDE_IN_FRAMEWORK_HEADER = YES;
				CLANG_WARN_RANGE_LOOP_ANALYSIS = YES;
				CLANG_WARN_STRICT_PROTOTYPES = YES;
				CLANG_WARN_SUSPICIOUS_MOVE = YES;
				CLANG_WARN_UNGUARDED_AVAILABILITY = YES_AGGRESSIVE;
				CLANG_WARN_UNREACHABLE_CODE = YES;
				CLANG_WARN__DUPLICATE_METHOD_MATCH = YES;
				COPY_PHASE_STRIP = NO;
				DEBUG_INFORMATION_FORMAT = "dwarf-with-dsym";
				ENABLE_NS_ASSERTIONS = NO;
				ENABLE_STRICT_OBJC_MSGSEND = YES;
				GCC_C_LANGUAGE_STANDARD = gnu11;
				GCC_NO_COMMON_BLOCKS = YES;
				GCC_WARN_64_TO_32_BIT_CONVERSION = YES;
				GCC_WARN_ABOUT_RETURN_TYPE = YES_ERROR;
				GCC_WARN_UNDECLARED_SELECTOR = YES;
				GCC_WARN_UNINITIALIZED_AUTOS = YES_AGGRESSIVE;
				GCC_WARN_UNUSED_FUNCTION = YES;
				GCC_WARN_UNUSED_VARIABLE = YES;
				MTL_ENABLE_DEBUG_INFO = NO;
				MTL_FAST_MATH = YES;
				SWIFT_COMPILATION_MODE = wholemodule;
				SWIFT_OPTIMIZATION_LEVEL = "-O";
			};
			name = Release;
		};
		FF4E062727982231006D51CB /* Debug */ = {
			isa = XCBuildConfiguration;
			buildSettings = {
				ASSETCATALOG_COMPILER_APPICON_NAME = AppIcon;
				ASSETCATALOG_COMPILER_GLOBAL_ACCENT_COLOR_NAME = AccentColor;
				CODE_SIGN_STYLE = Automatic;
				CURRENT_PROJECT_VERSION = 1;
				DEVELOPMENT_TEAM = Z324H49KH6;
				ENABLE_PREVIEWS = YES;
				GENERATE_INFOPLIST_FILE = YES;
				INFOPLIST_KEY_UIApplicationSceneManifest_Generation = YES;
				INFOPLIST_KEY_UIApplicationSupportsIndirectInputEvents = YES;
				INFOPLIST_KEY_UILaunchScreen_Generation = YES;
				INFOPLIST_KEY_UISupportedInterfaceOrientations_iPad = "UIInterfaceOrientationPortrait UIInterfaceOrientationPortraitUpsideDown UIInterfaceOrientationLandscapeLeft UIInterfaceOrientationLandscapeRight";
				INFOPLIST_KEY_UISupportedInterfaceOrientations_iPhone = "UIInterfaceOrientationPortrait UIInterfaceOrientationLandscapeLeft UIInterfaceOrientationLandscapeRight";
				IPHONEOS_DEPLOYMENT_TARGET = 15.2;
				LD_RUNPATH_SEARCH_PATHS = (
					"$(inherited)",
					"@executable_path/Frameworks",
				);
				MARKETING_VERSION = 1.0;
				PRODUCT_BUNDLE_IDENTIFIER = com.pair.at;
				PRODUCT_NAME = at;
				SDKROOT = iphoneos;
				SWIFT_EMIT_LOC_STRINGS = YES;
				SWIFT_VERSION = 5.0;
				TARGETED_DEVICE_FAMILY = "1,2";
			};
			name = Debug;
		};
		FF4E062827982231006D51CB /* Release */ = {
			isa = XCBuildConfiguration;
			buildSettings = {
				ASSETCATALOG_COMPILER_APPICON_NAME = AppIcon;
				ASSETCATALOG_COMPILER_GLOBAL_ACCENT_COLOR_NAME = AccentColor;
				CODE_SIGN_STYLE = Automatic;
				CURRENT_PROJECT_VERSION = 1;
				DEVELOPMENT_TEAM = Z324H49KH6;
				ENABLE_PREVIEWS = YES;
				GENERATE_INFOPLIST_FILE = YES;
				INFOPLIST_KEY_UIApplicationSceneManifest_Generation = YES;
				INFOPLIST_KEY_UIApplicationSupportsIndirectInputEvents = YES;
				INFOPLIST_KEY_UILaunchScreen_Generation = YES;
				INFOPLIST_KEY_UISupportedInterfaceOrientations_iPad = "UIInterfaceOrientationPortrait UIInterfaceOrientationPortraitUpsideDown UIInterfaceOrientationLandscapeLeft UIInterfaceOrientationLandscapeRight";
				INFOPLIST_KEY_UISupportedInterfaceOrientations_iPhone = "UIInterfaceOrientationPortrait UIInterfaceOrientationLandscapeLeft UIInterfaceOrientationLandscapeRight";
				IPHONEOS_DEPLOYMENT_TARGET = 15.2;
				LD_RUNPATH_SEARCH_PATHS = (
					"$(inherited)",
					"@executable_path/Frameworks",
				);
				MARKETING_VERSION = 1.0;
				PRODUCT_BUNDLE_IDENTIFIER = com.pair.at;
				PRODUCT_NAME = at;
				SDKROOT = iphoneos;
				SWIFT_EMIT_LOC_STRINGS = YES;
				SWIFT_VERSION = 5.0;
				TARGETED_DEVICE_FAMILY = "1,2";
				VALIDATE_PRODUCT = YES;
			};
			name = Release;
		};
		FF4E062A27982231006D51CB /* Debug */ = {
			isa = XCBuildConfiguration;
			buildSettings = {
				ASSETCATALOG_COMPILER_APPICON_NAME = AppIcon;
				ASSETCATALOG_COMPILER_GLOBAL_ACCENT_COLOR_NAME = AccentColor;
				CODE_SIGN_ENTITLEMENTS = macOS/macOS.entitlements;
				CODE_SIGN_STYLE = Automatic;
				COMBINE_HIDPI_IMAGES = YES;
				CURRENT_PROJECT_VERSION = 1;
				DEVELOPMENT_TEAM = Z324H49KH6;
				ENABLE_HARDENED_RUNTIME = YES;
				ENABLE_PREVIEWS = YES;
				GENERATE_INFOPLIST_FILE = YES;
				INFOPLIST_KEY_NSHumanReadableCopyright = "";
				LD_RUNPATH_SEARCH_PATHS = (
					"$(inherited)",
					"@executable_path/../Frameworks",
				);
				MACOSX_DEPLOYMENT_TARGET = 12.1;
				MARKETING_VERSION = 1.0;
				PRODUCT_BUNDLE_IDENTIFIER = com.pair.at;
				PRODUCT_NAME = at;
				SDKROOT = macosx;
				SWIFT_EMIT_LOC_STRINGS = YES;
				SWIFT_VERSION = 5.0;
			};
			name = Debug;
		};
		FF4E062B27982231006D51CB /* Release */ = {
			isa = XCBuildConfiguration;
			buildSettings = {
				ASSETCATALOG_COMPILER_APPICON_NAME = AppIcon;
				ASSETCATALOG_COMPILER_GLOBAL_ACCENT_COLOR_NAME = AccentColor;
				CODE_SIGN_ENTITLEMENTS = macOS/macOS.entitlements;
				CODE_SIGN_STYLE = Automatic;
				COMBINE_HIDPI_IMAGES = YES;
				CURRENT_PROJECT_VERSION = 1;
				DEVELOPMENT_TEAM = Z324H49KH6;
				ENABLE_HARDENED_RUNTIME = YES;
				ENABLE_PREVIEWS = YES;
				GENERATE_INFOPLIST_FILE = YES;
				INFOPLIST_KEY_NSHumanReadableCopyright = "";
				LD_RUNPATH_SEARCH_PATHS = (
					"$(inherited)",
					"@executable_path/../Frameworks",
				);
				MACOSX_DEPLOYMENT_TARGET = 12.1;
				MARKETING_VERSION = 1.0;
				PRODUCT_BUNDLE_IDENTIFIER = com.pair.at;
				PRODUCT_NAME = at;
				SDKROOT = macosx;
				SWIFT_EMIT_LOC_STRINGS = YES;
				SWIFT_VERSION = 5.0;
			};
			name = Release;
		};
		FF4E062D27982231006D51CB /* Debug */ = {
			isa = XCBuildConfiguration;
			buildSettings = {
				ALWAYS_EMBED_SWIFT_STANDARD_LIBRARIES = YES;
				CODE_SIGN_STYLE = Automatic;
				CURRENT_PROJECT_VERSION = 1;
				DEVELOPMENT_TEAM = Z324H49KH6;
				GENERATE_INFOPLIST_FILE = YES;
				IPHONEOS_DEPLOYMENT_TARGET = 15.2;
				MARKETING_VERSION = 1.0;
				PRODUCT_BUNDLE_IDENTIFIER = "com.pair.Tests-iOS";
				PRODUCT_NAME = "$(TARGET_NAME)";
				SDKROOT = iphoneos;
				SWIFT_EMIT_LOC_STRINGS = NO;
				SWIFT_VERSION = 5.0;
				TARGETED_DEVICE_FAMILY = "1,2";
				TEST_TARGET_NAME = "at (iOS)";
			};
			name = Debug;
		};
		FF4E062E27982231006D51CB /* Release */ = {
			isa = XCBuildConfiguration;
			buildSettings = {
				ALWAYS_EMBED_SWIFT_STANDARD_LIBRARIES = YES;
				CODE_SIGN_STYLE = Automatic;
				CURRENT_PROJECT_VERSION = 1;
				DEVELOPMENT_TEAM = Z324H49KH6;
				GENERATE_INFOPLIST_FILE = YES;
				IPHONEOS_DEPLOYMENT_TARGET = 15.2;
				MARKETING_VERSION = 1.0;
				PRODUCT_BUNDLE_IDENTIFIER = "com.pair.Tests-iOS";
				PRODUCT_NAME = "$(TARGET_NAME)";
				SDKROOT = iphoneos;
				SWIFT_EMIT_LOC_STRINGS = NO;
				SWIFT_VERSION = 5.0;
				TARGETED_DEVICE_FAMILY = "1,2";
				TEST_TARGET_NAME = "at (iOS)";
				VALIDATE_PRODUCT = YES;
			};
			name = Release;
		};
		FF4E063027982231006D51CB /* Debug */ = {
			isa = XCBuildConfiguration;
			buildSettings = {
				ALWAYS_EMBED_SWIFT_STANDARD_LIBRARIES = YES;
				CODE_SIGN_STYLE = Automatic;
				CURRENT_PROJECT_VERSION = 1;
				DEVELOPMENT_TEAM = Z324H49KH6;
				GENERATE_INFOPLIST_FILE = YES;
				MACOSX_DEPLOYMENT_TARGET = 12.1;
				MARKETING_VERSION = 1.0;
				PRODUCT_BUNDLE_IDENTIFIER = "com.pair.Tests-macOS";
				PRODUCT_NAME = "$(TARGET_NAME)";
				SDKROOT = macosx;
				SWIFT_EMIT_LOC_STRINGS = NO;
				SWIFT_VERSION = 5.0;
				TEST_TARGET_NAME = "at (macOS)";
			};
			name = Debug;
		};
		FF4E063127982231006D51CB /* Release */ = {
			isa = XCBuildConfiguration;
			buildSettings = {
				ALWAYS_EMBED_SWIFT_STANDARD_LIBRARIES = YES;
				CODE_SIGN_STYLE = Automatic;
				CURRENT_PROJECT_VERSION = 1;
				DEVELOPMENT_TEAM = Z324H49KH6;
				GENERATE_INFOPLIST_FILE = YES;
				MACOSX_DEPLOYMENT_TARGET = 12.1;
				MARKETING_VERSION = 1.0;
				PRODUCT_BUNDLE_IDENTIFIER = "com.pair.Tests-macOS";
				PRODUCT_NAME = "$(TARGET_NAME)";
				SDKROOT = macosx;
				SWIFT_EMIT_LOC_STRINGS = NO;
				SWIFT_VERSION = 5.0;
				TEST_TARGET_NAME = "at (macOS)";
			};
			name = Release;
		};
/* End XCBuildConfiguration section */

/* Begin XCConfigurationList section */
		FF4E05F427982230006D51CB /* Build configuration list for PBXProject "at" */ = {
			isa = XCConfigurationList;
			buildConfigurations = (
				FF4E062427982231006D51CB /* Debug */,
				FF4E062527982231006D51CB /* Release */,
			);
			defaultConfigurationIsVisible = 0;
			defaultConfigurationName = Release;
		};
		FF4E062627982231006D51CB /* Build configuration list for PBXNativeTarget "at (iOS)" */ = {
			isa = XCConfigurationList;
			buildConfigurations = (
				FF4E062727982231006D51CB /* Debug */,
				FF4E062827982231006D51CB /* Release */,
			);
			defaultConfigurationIsVisible = 0;
			defaultConfigurationName = Release;
		};
		FF4E062927982231006D51CB /* Build configuration list for PBXNativeTarget "at (macOS)" */ = {
			isa = XCConfigurationList;
			buildConfigurations = (
				FF4E062A27982231006D51CB /* Debug */,
				FF4E062B27982231006D51CB /* Release */,
			);
			defaultConfigurationIsVisible = 0;
			defaultConfigurationName = Release;
		};
		FF4E062C27982231006D51CB /* Build configuration list for PBXNativeTarget "Tests iOS" */ = {
			isa = XCConfigurationList;
			buildConfigurations = (
				FF4E062D27982231006D51CB /* Debug */,
				FF4E062E27982231006D51CB /* Release */,
			);
			defaultConfigurationIsVisible = 0;
			defaultConfigurationName = Release;
		};
		FF4E062F27982231006D51CB /* Build configuration list for PBXNativeTarget "Tests macOS" */ = {
			isa = XCConfigurationList;
			buildConfigurations = (
				FF4E063027982231006D51CB /* Debug */,
				FF4E063127982231006D51CB /* Release */,
			);
			defaultConfigurationIsVisible = 0;
			defaultConfigurationName = Release;
		};
/* End XCConfigurationList section */
	};
	rootObject = FF4E05F127982230006D51CB /* Project object */;
}
